
Microsoft Visual Studio Solution File, Format Version 12.00
# Visual Studio Version 16
VisualStudioVersion = 16.0.31205.134
MinimumVisualStudioVersion = 10.0.40219.1
Project("{FAE04EC0-301F-11D3-BF4B-00C04F79EFBC}") = "PluginMannager", "PluginMannager\PluginMannager.csproj", "{7840E63A-3915-4F9C-ABD0-B06BAE28845A}"
EndProject
Project("{FAE04EC0-301F-11D3-BF4B-00C04F79EFBC}") = "PM_SerPlugin", "PM_SerPlugin\PM_SerPlugin.csproj", "{135827A7-0C5F-48E8-A278-505E5A994271}"
EndProject
Global
	GlobalSection(SolutionConfigurationPlatforms) = preSolution
		Debug|Any CPU = Debug|Any CPU
		Release|Any CPU = Release|Any CPU
	EndGlobalSection
	GlobalSection(ProjectConfigurationPlatforms) = postSolution
		{7840E63A-3915-4F9C-ABD0-B06BAE28845A}.Debug|Any CPU.ActiveCfg = Debug|Any CPU
		{7840E63A-3915-4F9C-ABD0-B06BAE28845A}.Debug|Any CPU.Build.0 = Debug|Any CPU
		{7840E63A-3915-4F9C-ABD0-B06BAE28845A}.Release|Any CPU.ActiveCfg = Release|Any CPU
		{7840E63A-3915-4F9C-ABD0-B06BAE28845A}.Release|Any CPU.Build.0 = Release|Any CPU
		{135827A7-0C5F-48E8-A278-505E5A994271}.Debug|Any CPU.ActiveCfg = Debug|Any CPU
		{135827A7-0C5F-48E8-A278-505E5A994271}.Debug|Any CPU.Build.0 = Debug|Any CPU
		{135827A7-0C5F-48E8-A278-505E5A994271}.Release|Any CPU.ActiveCfg = Release|Any CPU
		{135827A7-0C5F-48E8-A278-505E5A994271}.Release|Any CPU.Build.0 = Release|Any CPU
	EndGlobalSection
	GlobalSection(SolutionProperties) = preSolution
		HideSolutionNode = FALSE
	EndGlobalSection
	GlobalSection(ExtensibilityGlobals) = postSolution
		SolutionGuid = {B8B1ABFC-17AB-4BF4-BDEB-018D84915AE0}
	EndGlobalSection
EndGlobal
